// !$*UTF8*$!
{
	archiveVersion = 1;
	classes = {
	};
	objectVersion = 46;
	objects = {

/* Begin PBXBuildFile section */
		74F704591A2431D3001D013D /* AppDelegate.swift in Sources */ = {isa = PBXBuildFile; fileRef = 74F704581A2431D3001D013D /* AppDelegate.swift */; };
		74F7045C1A2431D3001D013D /* FitGen.xcdatamodeld in Sources */ = {isa = PBXBuildFile; fileRef = 74F7045A1A2431D3001D013D /* FitGen.xcdatamodeld */; };
		74F7045E1A2431D3001D013D /* ViewController.swift in Sources */ = {isa = PBXBuildFile; fileRef = 74F7045D1A2431D3001D013D /* ViewController.swift */; };
		74F704611A2431D3001D013D /* Main.storyboard in Resources */ = {isa = PBXBuildFile; fileRef = 74F7045F1A2431D3001D013D /* Main.storyboard */; };
		74F704631A2431D3001D013D /* Images.xcassets in Resources */ = {isa = PBXBuildFile; fileRef = 74F704621A2431D3001D013D /* Images.xcassets */; };
		74F704661A2431D3001D013D /* LaunchScreen.xib in Resources */ = {isa = PBXBuildFile; fileRef = 74F704641A2431D3001D013D /* LaunchScreen.xib */; };
		74F704721A2431D3001D013D /* FitGenTests.swift in Sources */ = {isa = PBXBuildFile; fileRef = 74F704711A2431D3001D013D /* FitGenTests.swift */; };
/* End PBXBuildFile section */

/* Begin PBXContainerItemProxy section */
		74F7046C1A2431D3001D013D /* PBXContainerItemProxy */ = {
			isa = PBXContainerItemProxy;
			containerPortal = 74F7044B1A2431D3001D013D /* Project object */;
			proxyType = 1;
			remoteGlobalIDString = 74F704521A2431D3001D013D;
			remoteInfo = FitGen;
		};
/* End PBXContainerItemProxy section */

/* Begin PBXFileReference section */
		74F704531A2431D3001D013D /* FitGen.app */ = {isa = PBXFileReference; explicitFileType = wrapper.application; includeInIndex = 0; path = FitGen.app; sourceTree = BUILT_PRODUCTS_DIR; };
		74F704571A2431D3001D013D /* Info.plist */ = {isa = PBXFileReference; lastKnownFileType = text.plist.xml; path = Info.plist; sourceTree = "<group>"; };
		74F704581A2431D3001D013D /* AppDelegate.swift */ = {isa = PBXFileReference; lastKnownFileType = sourcecode.swift; path = AppDelegate.swift; sourceTree = "<group>"; };
		74F7045B1A2431D3001D013D /* FitGen.xcdatamodel */ = {isa = PBXFileReference; lastKnownFileType = wrapper.xcdatamodel; path = FitGen.xcdatamodel; sourceTree = "<group>"; };
		74F7045D1A2431D3001D013D /* ViewController.swift */ = {isa = PBXFileReference; lastKnownFileType = sourcecode.swift; path = ViewController.swift; sourceTree = "<group>"; };
		74F704601A2431D3001D013D /* Base */ = {isa = PBXFileReference; lastKnownFileType = file.storyboard; name = Base; path = Base.lproj/Main.storyboard; sourceTree = "<group>"; };
		74F704621A2431D3001D013D /* Images.xcassets */ = {isa = PBXFileReference; lastKnownFileType = folder.assetcatalog; path = Images.xcassets; sourceTree = "<group>"; };
		74F704651A2431D3001D013D /* Base */ = {isa = PBXFileReference; lastKnownFileType = file.xib; name = Base; path = Base.lproj/LaunchScreen.xib; sourceTree = "<group>"; };
		74F7046B1A2431D3001D013D /* FitGenTests.xctest */ = {isa = PBXFileReference; explicitFileType = wrapper.cfbundle; includeInIndex = 0; path = FitGenTests.xctest; sourceTree = BUILT_PRODUCTS_DIR; };
		74F704701A2431D3001D013D /* Info.plist */ = {isa = PBXFileReference; lastKnownFileType = text.plist.xml; path = Info.plist; sourceTree = "<group>"; };
		74F704711A2431D3001D013D /* FitGenTests.swift */ = {isa = PBXFileReference; lastKnownFileType = sourcecode.swift; path = FitGenTests.swift; sourceTree = "<group>"; };
/* End PBXFileReference section */

/* Begin PBXFrameworksBuildPhase section */
		74F704501A2431D3001D013D /* Frameworks */ = {
			isa = PBXFrameworksBuildPhase;
			buildActionMask = 2147483647;
			files = (
			);
			runOnlyForDeploymentPostprocessing = 0;
		};
		74F704681A2431D3001D013D /* Frameworks */ = {
			isa = PBXFrameworksBuildPhase;
			buildActionMask = 2147483647;
			files = (
			);
			runOnlyForDeploymentPostprocessing = 0;
		};
/* End PBXFrameworksBuildPhase section */

/* Begin PBXGroup section */
		74F7044A1A2431D3001D013D = {
			isa = PBXGroup;
			children = (
				74F704551A2431D3001D013D /* FitGen */,
				74F7046E1A2431D3001D013D /* FitGenTests */,
				74F704541A2431D3001D013D /* Products */,
			);
			sourceTree = "<group>";
		};
		74F704541A2431D3001D013D /* Products */ = {
			isa = PBXGroup;
			children = (
				74F704531A2431D3001D013D /* FitGen.app */,
				74F7046B1A2431D3001D013D /* FitGenTests.xctest */,
			);
			name = Products;
			sourceTree = "<group>";
		};
		74F704551A2431D3001D013D /* FitGen */ = {
			isa = PBXGroup;
			children = (
				74F704581A2431D3001D013D /* AppDelegate.swift */,
				74F7045D1A2431D3001D013D /* ViewController.swift */,
				74F7045F1A2431D3001D013D /* Main.storyboard */,
				74F704621A2431D3001D013D /* Images.xcassets */,
				74F704641A2431D3001D013D /* LaunchScreen.xib */,
				74F7045A1A2431D3001D013D /* FitGen.xcdatamodeld */,
				74F704561A2431D3001D013D /* Supporting Files */,
			);
			path = FitGen;
			sourceTree = "<group>";
		};
		74F704561A2431D3001D013D /* Supporting Files */ = {
			isa = PBXGroup;
			children = (
				74F704571A2431D3001D013D /* Info.plist */,
			);
			name = "Supporting Files";
			sourceTree = "<group>";
		};
		74F7046E1A2431D3001D013D /* FitGenTests */ = {
			isa = PBXGroup;
			children = (
				74F704711A2431D3001D013D /* FitGenTests.swift */,
				74F7046F1A2431D3001D013D /* Supporting Files */,
			);
			path = FitGenTests;
			sourceTree = "<group>";
		};
		74F7046F1A2431D3001D013D /* Supporting Files */ = {
			isa = PBXGroup;
			children = (
				74F704701A2431D3001D013D /* Info.plist */,
			);
			name = "Supporting Files";
			sourceTree = "<group>";
		};
/* End PBXGroup section */

/* Begin PBXNativeTarget section */
		74F704521A2431D3001D013D /* FitGen */ = {
			isa = PBXNativeTarget;
			buildConfigurationList = 74F704751A2431D3001D013D /* Build configuration list for PBXNativeTarget "FitGen" */;
			buildPhases = (
				74F7044F1A2431D3001D013D /* Sources */,
				74F704501A2431D3001D013D /* Frameworks */,
				74F704511A2431D3001D013D /* Resources */,
			);
			buildRules = (
			);
			dependencies = (
			);
			name = FitGen;
			productName = FitGen;
			productReference = 74F704531A2431D3001D013D /* FitGen.app */;
			productType = "com.apple.product-type.application";
		};
		74F7046A1A2431D3001D013D /* FitGenTests */ = {
			isa = PBXNativeTarget;
			buildConfigurationList = 74F704781A2431D3001D013D /* Build configuration list for PBXNativeTarget "FitGenTests" */;
			buildPhases = (
				74F704671A2431D3001D013D /* Sources */,
				74F704681A2431D3001D013D /* Frameworks */,
				74F704691A2431D3001D013D /* Resources */,
			);
			buildRules = (
			);
			dependencies = (
				74F7046D1A2431D3001D013D /* PBXTargetDependency */,
			);
			name = FitGenTests;
			productName = FitGenTests;
			productReference = 74F7046B1A2431D3001D013D /* FitGenTests.xctest */;
			productType = "com.apple.product-type.bundle.unit-test";
		};
/* End PBXNativeTarget section */

/* Begin PBXProject section */
		74F7044B1A2431D3001D013D /* Project object */ = {
			isa = PBXProject;
			attributes = {
				LastUpgradeCheck = 0600;
				ORGANIZATIONNAME = Bitfountain.io;
				TargetAttributes = {
					74F704521A2431D3001D013D = {
						CreatedOnToolsVersion = 6.0;
					};
					74F7046A1A2431D3001D013D = {
						CreatedOnToolsVersion = 6.0;
						TestTargetID = 74F704521A2431D3001D013D;
					};
				};
			};
			buildConfigurationList = 74F7044E1A2431D3001D013D /* Build configuration list for PBXProject "FitGen" */;
			compatibilityVersion = "Xcode 3.2";
			developmentRegion = English;
			hasScannedForEncodings = 0;
			knownRegions = (
				en,
				Base,
			);
			mainGroup = 74F7044A1A2431D3001D013D;
			productRefGroup = 74F704541A2431D3001D013D /* Products */;
			projectDirPath = "";
			projectRoot = "";
			targets = (
				74F704521A2431D3001D013D /* FitGen */,
				74F7046A1A2431D3001D013D /* FitGenTests */,
			);
		};
/* End PBXProject section */

/* Begin PBXResourcesBuildPhase section */
		74F704511A2431D3001D013D /* Resources */ = {
			isa = PBXResourcesBuildPhase;
			buildActionMask = 2147483647;
			files = (
				74F704611A2431D3001D013D /* Main.storyboard in Resources */,
				74F704661A2431D3001D013D /* LaunchScreen.xib in Resources */,
				74F704631A2431D3001D013D /* Images.xcassets in Resources */,
			);
			runOnlyForDeploymentPostprocessing = 0;
		};
		74F704691A2431D3001D013D /* Resources */ = {
			isa = PBXResourcesBuildPhase;
			buildActionMask = 2147483647;
			files = (
			);
			runOnlyForDeploymentPostprocessing = 0;
		};
/* End PBXResourcesBuildPhase section */

/* Begin PBXSourcesBuildPhase section */
		74F7044F1A2431D3001D013D /* Sources */ = {
			isa = PBXSourcesBuildPhase;
			buildActionMask = 2147483647;
			files = (
				74F7045E1A2431D3001D013D /* ViewController.swift in Sources */,
				74F7045C1A2431D3001D013D /* FitGen.xcdatamodeld in Sources */,
				74F704591A2431D3001D013D /* AppDelegate.swift in Sources */,
			);
			runOnlyForDeploymentPostprocessing = 0;
		};
		74F704671A2431D3001D013D /* Sources */ = {
			isa = PBXSourcesBuildPhase;
			buildActionMask = 2147483647;
			files = (
				74F704721A2431D3001D013D /* FitGenTests.swift in Sources */,
			);
			runOnlyForDeploymentPostprocessing = 0;
		};
/* End PBXSourcesBuildPhase section */

/* Begin PBXTargetDependency section */
		74F7046D1A2431D3001D013D /* PBXTargetDependency */ = {
			isa = PBXTargetDependency;
			target = 74F704521A2431D3001D013D /* FitGen */;
			targetProxy = 74F7046C1A2431D3001D013D /* PBXContainerItemProxy */;
		};
/* End PBXTargetDependency section */

/* Begin PBXVariantGroup section */
		74F7045F1A2431D3001D013D /* Main.storyboard */ = {
			isa = PBXVariantGroup;
			children = (
				74F704601A2431D3001D013D /* Base */,
			);
			name = Main.storyboard;
			sourceTree = "<group>";
		};
		74F704641A2431D3001D013D /* LaunchScreen.xib */ = {
			isa = PBXVariantGroup;
			children = (
				74F704651A2431D3001D013D /* Base */,
			);
			name = LaunchScreen.xib;
			sourceTree = "<group>";
		};
/* End PBXVariantGroup section */

/* Begin XCBuildConfiguration section */
		74F704731A2431D3001D013D /* Debug */ = {
			isa = XCBuildConfiguration;
			buildSettings = {
				ALWAYS_SEARCH_USER_PATHS = NO;
				CLANG_CXX_LANGUAGE_STANDARD = "gnu++0x";
				CLANG_CXX_LIBRARY = "libc++";
				CLANG_ENABLE_MODULES = YES;
				CLANG_ENABLE_OBJC_ARC = YES;
				CLANG_WARN_BOOL_CONVERSION = YES;
				CLANG_WARN_CONSTANT_CONVERSION = YES;
				CLANG_WARN_DIRECT_OBJC_ISA_USAGE = YES_ERROR;
				CLANG_WARN_EMPTY_BODY = YES;
				CLANG_WARN_ENUM_CONVERSION = YES;
				CLANG_WARN_INT_CONVERSION = YES;
				CLANG_WARN_OBJC_ROOT_CLASS = YES_ERROR;
				CLANG_WARN_UNREACHABLE_CODE = YES;
				CLANG_WARN__DUPLICATE_METHOD_MATCH = YES;
				"CODE_SIGN_IDENTITY[sdk=iphoneos*]" = "iPhone Developer";
				COPY_PHASE_STRIP = NO;
				ENABLE_STRICT_OBJC_MSGSEND = YES;
				GCC_C_LANGUAGE_STANDARD = gnu99;
				GCC_DYNAMIC_NO_PIC = NO;
				GCC_OPTIMIZATION_LEVEL = 0;
				GCC_PREPROCESSOR_DEFINITIONS = (
					"DEBUG=1",
					"$(inherited)",
				);
				GCC_SYMBOLS_PRIVATE_EXTERN = NO;
				GCC_WARN_64_TO_32_BIT_CONVERSION = YES;
				GCC_WARN_ABOUT_RETURN_TYPE = YES_ERROR;
				GCC_WARN_UNDECLARED_SELECTOR = YES;
				GCC_WARN_UNINITIALIZED_AUTOS = YES_AGGRESSIVE;
				GCC_WARN_UNUSED_FUNCTION = YES;
				GCC_WARN_UNUSED_VARIABLE = YES;
				IPHONEOS_DEPLOYMENT_TARGET = 8.0;
				MTL_ENABLE_DEBUG_INFO = YES;
				ONLY_ACTIVE_ARCH = YES;
				SDKROOT = iphoneos;
				SWIFT_OPTIMIZATION_LEVEL = "-Onone";
				TARGETED_DEVICE_FAMILY = "1,2";
			};
			name = Debug;
		};
		74F704741A2431D3001D013D /* Release */ = {
			isa = XCBuildConfiguration;
			buildSettings = {
				ALWAYS_SEARCH_USER_PATHS = NO;
				CLANG_CXX_LANGUAGE_STANDARD = "gnu++0x";
				CLANG_CXX_LIBRARY = "libc++";
				CLANG_ENABLE_MODULES = YES;
				CLANG_ENABLE_OBJC_ARC = YES;
				CLANG_WARN_BOOL_CONVERSION = YES;
				CLANG_WARN_CONSTANT_CONVERSION = YES;
				CLANG_WARN_DIRECT_OBJC_ISA_USAGE = YES_ERROR;
				CLANG_WARN_EMPTY_BODY = YES;
				CLANG_WARN_ENUM_CONVERSION = YES;
				CLANG_WARN_INT_CONVERSION = YES;
				CLANG_WARN_OBJC_ROOT_CLASS = YES_ERROR;
				CLANG_WARN_UNREACHABLE_CODE = YES;
				CLANG_WARN__DUPLICATE_METHOD_MATCH = YES;
				"CODE_SIGN_IDENTITY[sdk=iphoneos*]" = "iPhone Developer";
				COPY_PHASE_STRIP = YES;
				ENABLE_NS_ASSERTIONS = NO;
				ENABLE_STRICT_OBJC_MSGSEND = YES;
				GCC_C_LANGUAGE_STANDARD = gnu99;
				GCC_WARN_64_TO_32_BIT_CONVERSION = YES;
				GCC_WARN_ABOUT_RETURN_TYPE = YES_ERROR;
				GCC_WARN_UNDECLARED_SELECTOR = YES;
				GCC_WARN_UNINITIALIZED_AUTOS = YES_AGGRESSIVE;
				GCC_WARN_UNUSED_FUNCTION = YES;
				GCC_WARN_UNUSED_VARIABLE = YES;
				IPHONEOS_DEPLOYMENT_TARGET = 8.0;
				MTL_ENABLE_DEBUG_INFO = NO;
				SDKROOT = iphoneos;
				TARGETED_DEVICE_FAMILY = "1,2";
				VALIDATE_PRODUCT = YES;
			};
			name = Release;
		};
		74F704761A2431D3001D013D /* Debug */ = {
			isa = XCBuildConfiguration;
			buildSettings = {
				ASSETCATALOG_COMPILER_APPICON_NAME = AppIcon;
				INFOPLIST_FILE = FitGen/Info.plist;
				LD_RUNPATH_SEARCH_PATHS = "$(inherited) @executable_path/Frameworks";
				PRODUCT_NAME = "$(TARGET_NAME)";
			};
			name = Debug;
		};
		74F704771A2431D3001D013D /* Release */ = {
			isa = XCBuildConfiguration;
			buildSettings = {
				ASSETCATALOG_COMPILER_APPICON_NAME = AppIcon;
				INFOPLIST_FILE = FitGen/Info.plist;
				LD_RUNPATH_SEARCH_PATHS = "$(inherited) @executable_path/Frameworks";
				PRODUCT_NAME = "$(TARGET_NAME)";
			};
			name = Release;
		};
		74F704791A2431D3001D013D /* Debug */ = {
			isa = XCBuildConfiguration;
			buildSettings = {
				BUNDLE_LOADER = "$(TEST_HOST)";
				FRAMEWORK_SEARCH_PATHS = (
					"$(SDKROOT)/Developer/Library/Frameworks",
					"$(inherited)",
				);
				GCC_PREPROCESSOR_DEFINITIONS = (
					"DEBUG=1",
					"$(inherited)",
				);
				INFOPLIST_FILE = FitGenTests/Info.plist;
				LD_RUNPATH_SEARCH_PATHS = "$(inherited) @executable_path/Frameworks @loader_path/Frameworks";
				PRODUCT_NAME = "$(TARGET_NAME)";
				TEST_HOST = "$(BUILT_PRODUCTS_DIR)/FitGen.app/FitGen";
			};
			name = Debug;
		};
		74F7047A1A2431D3001D013D /* Release */ = {
			isa = XCBuildConfiguration;
			buildSettings = {
				BUNDLE_LOADER = "$(TEST_HOST)";
				FRAMEWORK_SEARCH_PATHS = (
					"$(SDKROOT)/Developer/Library/Frameworks",
					"$(inherited)",
				);
				INFOPLIST_FILE = FitGenTests/Info.plist;
				LD_RUNPATH_SEARCH_PATHS = "$(inherited) @executable_path/Frameworks @loader_path/Frameworks";
				PRODUCT_NAME = "$(TARGET_NAME)";
				TEST_HOST = "$(BUILT_PRODUCTS_DIR)/FitGen.app/FitGen";
			};
			name = Release;
		};
/* End XCBuildConfiguration section */

/* Begin XCConfigurationList section */
		74F7044E1A2431D3001D013D /* Build configuration list for PBXProject "FitGen" */ = {
			isa = XCConfigurationList;
			buildConfigurations = (
				74F704731A2431D3001D013D /* Debug */,
				74F704741A2431D3001D013D /* Release */,
			);
			defaultConfigurationIsVisible = 0;
			defaultConfigurationName = Release;
		};
		74F704751A2431D3001D013D /* Build configuration list for PBXNativeTarget "FitGen" */ = {
			isa = XCConfigurationList;
			buildConfigurations = (
				74F704761A2431D3001D013D /* Debug */,
				74F704771A2431D3001D013D /* Release */,
			);
			defaultConfigurationIsVisible = 0;
		};
		74F704781A2431D3001D013D /* Build configuration list for PBXNativeTarget "FitGenTests" */ = {
			isa = XCConfigurationList;
			buildConfigurations = (
				74F704791A2431D3001D013D /* Debug */,
				74F7047A1A2431D3001D013D /* Release */,
			);
			defaultConfigurationIsVisible = 0;
		};
/* End XCConfigurationList section */

/* Begin XCVersionGroup section */
		74F7045A1A2431D3001D013D /* FitGen.xcdatamodeld */ = {
			isa = XCVersionGroup;
			children = (
				74F7045B1A2431D3001D013D /* FitGen.xcdatamodel */,
			);
			currentVersion = 74F7045B1A2431D3001D013D /* FitGen.xcdatamodel */;
			path = FitGen.xcdatamodeld;
			sourceTree = "<group>";
			versionGroupType = wrapper.xcdatamodel;
		};
/* End XCVersionGroup section */
	};
	rootObject = 74F7044B1A2431D3001D013D /* Project object */;
}
